
Microsoft Visual Studio Solution File, Format Version 12.00
# Visual Studio Version 17
VisualStudioVersion = 17.7.34009.444
MinimumVisualStudioVersion = 10.0.40219.1
Project("{FAE04EC0-301F-11D3-BF4B-00C04F79EFBC}") = "SchoolService", "SchoolService\SchoolService.csproj", "{A6FAFB8E-6A65-46DF-90BF-128825B0E02E}"
EndProject
Project("{FAE04EC0-301F-11D3-BF4B-00C04F79EFBC}") = "SignalR", "..\..\source\repos\SignalR\SignalR\SignalR.csproj", "{B01AD285-A214-4618-909B-0FA44E06C958}"
EndProject
Global
	GlobalSection(SolutionConfigurationPlatforms) = preSolution
		Debug|Any CPU = Debug|Any CPU
		Release|Any CPU = Release|Any CPU
	EndGlobalSection
	GlobalSection(ProjectConfigurationPlatforms) = postSolution
		{A6FAFB8E-6A65-46DF-90BF-128825B0E02E}.Debug|Any CPU.ActiveCfg = Debug|Any CPU
		{A6FAFB8E-6A65-46DF-90BF-128825B0E02E}.Debug|Any CPU.Build.0 = Debug|Any CPU
		{A6FAFB8E-6A65-46DF-90BF-128825B0E02E}.Debug|Any CPU.Deploy.0 = Debug|Any CPU
		{A6FAFB8E-6A65-46DF-90BF-128825B0E02E}.Release|Any CPU.ActiveCfg = Release|Any CPU
		{A6FAFB8E-6A65-46DF-90BF-128825B0E02E}.Release|Any CPU.Build.0 = Release|Any CPU
		{A6FAFB8E-6A65-46DF-90BF-128825B0E02E}.Release|Any CPU.Deploy.0 = Release|Any CPU
		{B01AD285-A214-4618-909B-0FA44E06C958}.Debug|Any CPU.ActiveCfg = Debug|Any CPU
		{B01AD285-A214-4618-909B-0FA44E06C958}.Debug|Any CPU.Build.0 = Debug|Any CPU
		{B01AD285-A214-4618-909B-0FA44E06C958}.Release|Any CPU.ActiveCfg = Release|Any CPU
		{B01AD285-A214-4618-909B-0FA44E06C958}.Release|Any CPU.Build.0 = Release|Any CPU
	EndGlobalSection
	GlobalSection(SolutionProperties) = preSolution
		HideSolutionNode = FALSE
	EndGlobalSection
	GlobalSection(ExtensibilityGlobals) = postSolution
		SolutionGuid = {2A4A2905-3435-44A3-BFCD-AC01396BFC29}
	EndGlobalSection
EndGlobal
